
Microsoft Visual Studio Solution File, Format Version 12.00
# Visual Studio Version 17
VisualStudioVersion = 17.2.32526.322
MinimumVisualStudioVersion = 10.0.40219.1
Project("{FAE04EC0-301F-11D3-BF4B-00C04F79EFBC}") = "CIS229Week2SeparationOfConcerns", "CIS229Week2SeparationOfConcerns\CIS229Week2SeparationOfConcerns.csproj", "{BD195696-15B2-4EFD-A66D-6954A682B855}"
EndProject
Global
	GlobalSection(SolutionConfigurationPlatforms) = preSolution
		Debug|Any CPU = Debug|Any CPU
		Release|Any CPU = Release|Any CPU
	EndGlobalSection
	GlobalSection(ProjectConfigurationPlatforms) = postSolution
		{BD195696-15B2-4EFD-A66D-6954A682B855}.Debug|Any CPU.ActiveCfg = Debug|Any CPU
		{BD195696-15B2-4EFD-A66D-6954A682B855}.Debug|Any CPU.Build.0 = Debug|Any CPU
		{BD195696-15B2-4EFD-A66D-6954A682B855}.Release|Any CPU.ActiveCfg = Release|Any CPU
		{BD195696-15B2-4EFD-A66D-6954A682B855}.Release|Any CPU.Build.0 = Release|Any CPU
	EndGlobalSection
	GlobalSection(SolutionProperties) = preSolution
		HideSolutionNode = FALSE
	EndGlobalSection
	GlobalSection(ExtensibilityGlobals) = postSolution
		SolutionGuid = {4D7B7356-86F4-4BF5-A87B-4ED86C3C215E}
	EndGlobalSection
EndGlobal
